lockfileVersion: '6.0'

settings:
  autoInstallPeers: true
  excludeLinksFromLockfile: false

dependencies:
  '@rollup/pluginutils':
    specifier: ^5.1.0
    version: 5.1.0(rollup@4.9.1)
  json5:
    specifier: ^2.2.3
    version: 2.2.3

devDependencies:
  '@rollup/plugin-buble':
    specifier: ^1.0.3
    version: 1.0.3(rollup@4.9.1)
  rollup:
    specifier: ^4.9.1
    version: 4.9.1

packages:

  /@rollup/plugin-buble@1.0.3(rollup@4.9.1):
    resolution: {integrity: sha512-QYD9BKkJoof0FdCFeSYYhF6/Y8e0Mnf+098xGgmWOFJ4UPHlWujjqOYeVwEm2hJPOmlR5k7HPUdAjqtOWhN64Q==}
    engines: {node: '>=14.0.0'}
    peerDependencies:
      rollup: ^1.20.0||^2.0.0||^3.0.0||^4.0.0
    peerDependenciesMeta:
      rollup:
        optional: true
    dependencies:
      '@rollup/pluginutils': 5.1.0(rollup@4.9.1)
      '@types/buble': 0.19.2
      buble: 0.20.0
      rollup: 4.9.1
    dev: true

  /@rollup/pluginutils@5.1.0(rollup@4.9.1):
    resolution: {integrity: sha512-XTIWOPPcpvyKI6L1NHo0lFlCyznUEyPmPY1mc3KpPVDYulHSTvyeLNVW00QTLIAFNhR3kYnJTQHeGqU4M3n09g==}
    engines: {node: '>=14.0.0'}
    peerDependencies:
      rollup: ^1.20.0||^2.0.0||^3.0.0||^4.0.0
    peerDependenciesMeta:
      rollup:
        optional: true
    dependencies:
      '@types/estree': 1.0.5
      estree-walker: 2.0.2
      picomatch: 2.3.1
      rollup: 4.9.1

  /@rollup/rollup-android-arm-eabi@4.9.1:
    resolution: {integrity: sha512-6vMdBZqtq1dVQ4CWdhFwhKZL6E4L1dV6jUjuBvsavvNJSppzi6dLBbuV+3+IyUREaj9ZFvQefnQm28v4OCXlig==}
    cpu: [arm]
    os: [android]
    requiresBuild: true
    optional: true

  /@rollup/rollup-android-arm64@4.9.1:
    resolution: {integrity: sha512-Jto9Fl3YQ9OLsTDWtLFPtaIMSL2kwGyGoVCmPC8Gxvym9TCZm4Sie+cVeblPO66YZsYH8MhBKDMGZ2NDxuk/XQ==}
    cpu: [arm64]
    os: [android]
    requiresBuild: true
    optional: true

  /@rollup/rollup-darwin-arm64@4.9.1:
    resolution: {integrity: sha512-LtYcLNM+bhsaKAIGwVkh5IOWhaZhjTfNOkGzGqdHvhiCUVuJDalvDxEdSnhFzAn+g23wgsycmZk1vbnaibZwwA==}
    cpu: [arm64]
    os: [darwin]
    requiresBuild: true
    optional: true

  /@rollup/rollup-darwin-x64@4.9.1:
    resolution: {integrity: sha512-KyP/byeXu9V+etKO6Lw3E4tW4QdcnzDG/ake031mg42lob5tN+5qfr+lkcT/SGZaH2PdW4Z1NX9GHEkZ8xV7og==}
    cpu: [x64]
    os: [darwin]
    requiresBuild: true
    optional: true

  /@rollup/rollup-linux-arm-gnueabihf@4.9.1:
    resolution: {integrity: sha512-Yqz/Doumf3QTKplwGNrCHe/B2p9xqDghBZSlAY0/hU6ikuDVQuOUIpDP/YcmoT+447tsZTmirmjgG3znvSCR0Q==}
    cpu: [arm]
    os: [linux]
    requiresBuild: true
    optional: true

  /@rollup/rollup-linux-arm64-gnu@4.9.1:
    resolution: {integrity: sha512-u3XkZVvxcvlAOlQJ3UsD1rFvLWqu4Ef/Ggl40WAVCuogf4S1nJPHh5RTgqYFpCOvuGJ7H5yGHabjFKEZGExk5Q==}
    cpu: [arm64]
    os: [linux]
    libc: [glibc]
    requiresBuild: true
    optional: true

  /@rollup/rollup-linux-arm64-musl@4.9.1:
    resolution: {integrity: sha512-0XSYN/rfWShW+i+qjZ0phc6vZ7UWI8XWNz4E/l+6edFt+FxoEghrJHjX1EY/kcUGCnZzYYRCl31SNdfOi450Aw==}
    cpu: [arm64]
    os: [linux]
    libc: [musl]
    requiresBuild: true
    optional: true

  /@rollup/rollup-linux-riscv64-gnu@4.9.1:
    resolution: {integrity: sha512-LmYIO65oZVfFt9t6cpYkbC4d5lKHLYv5B4CSHRpnANq0VZUQXGcCPXHzbCXCz4RQnx7jvlYB1ISVNCE/omz5cw==}
    cpu: [riscv64]
    os: [linux]
    libc: [glibc]
    requiresBuild: true
    optional: true

  /@rollup/rollup-linux-x64-gnu@4.9.1:
    resolution: {integrity: sha512-kr8rEPQ6ns/Lmr/hiw8sEVj9aa07gh1/tQF2Y5HrNCCEPiCBGnBUt9tVusrcBBiJfIt1yNaXN6r1CCmpbFEDpg==}
    cpu: [x64]
    os: [linux]
    libc: [glibc]
    requiresBuild: true
    optional: true

  /@rollup/rollup-linux-x64-musl@4.9.1:
    resolution: {integrity: sha512-t4QSR7gN+OEZLG0MiCgPqMWZGwmeHhsM4AkegJ0Kiy6TnJ9vZ8dEIwHw1LcZKhbHxTY32hp9eVCMdR3/I8MGRw==}
    cpu: [x64]
    os: [linux]
    libc: [musl]
    requiresBuild: true
    optional: true

  /@rollup/rollup-win32-arm64-msvc@4.9.1:
    resolution: {integrity: sha512-7XI4ZCBN34cb+BH557FJPmh0kmNz2c25SCQeT9OiFWEgf8+dL6ZwJ8f9RnUIit+j01u07Yvrsuu1rZGxJCc51g==}
    cpu: [arm64]
    os: [win32]
    requiresBuild: true
    optional: true

  /@rollup/rollup-win32-ia32-msvc@4.9.1:
    resolution: {integrity: sha512-yE5c2j1lSWOH5jp+Q0qNL3Mdhr8WuqCNVjc6BxbVfS5cAS6zRmdiw7ktb8GNpDCEUJphILY6KACoFoRtKoqNQg==}
    cpu: [ia32]
    os: [win32]
    requiresBuild: true
    optional: true

  /@rollup/rollup-win32-x64-msvc@4.9.1:
    resolution: {integrity: sha512-PyJsSsafjmIhVgaI1Zdj7m8BB8mMckFah/xbpplObyHfiXzKcI5UOUXRyOdHW7nz4DpMCuzLnF7v5IWHenCwYA==}
    cpu: [x64]
    os: [win32]
    requiresBuild: true
    optional: true

  /@types/buble@0.19.2:
    resolution: {integrity: sha512-uUD8zIfXMKThmFkahTXDGI3CthFH1kMg2dOm3KLi4GlC5cbARA64bEcUMbbWdWdE73eoc/iBB9PiTMqH0dNS2Q==}
    dependencies:
      magic-string: 0.25.9
    dev: true

  /@types/estree@1.0.5:
    resolution: {integrity: sha512-/kYRxGDLWzHOB7q+wtSUQlFrtcdUccpfy+X+9iMBpHK8QLLhx2wIPYuS5DYtR9Wa/YlZAbIovy7qVdB1Aq6Lyw==}

  /acorn-dynamic-import@4.0.0(acorn@6.4.2):
    resolution: {integrity: sha512-d3OEjQV4ROpoflsnUA8HozoIR504TFxNivYEUi6uwz0IYhBkTDXGuWlNdMtybRt3nqVx/L6XqMt0FxkXuWKZhw==}
    deprecated: This is probably built in to whatever tool you're using. If you still need it... idk
    peerDependencies:
      acorn: ^6.0.0
    dependencies:
      acorn: 6.4.2
    dev: true

  /acorn-jsx@5.3.2(acorn@6.4.2):
    resolution: {integrity: sha512-rq9s+JNhf0IChjtDXxllJ7g41oZk5SlXtp0LHwyA5cejwn7vKmKp4pPri6YEePv2PU65sAsegbXtIinmDFDXgQ==}
    peerDependencies:
      acorn: ^6.0.0 || ^7.0.0 || ^8.0.0
    dependencies:
      acorn: 6.4.2
    dev: true

  /acorn@6.4.2:
    resolution: {integrity: sha512-XtGIhXwF8YM8bJhGxG5kXgjkEuNGLTkoYqVE+KMR+aspr4KGYmKYg7yUe3KghyQ9yheNwLnjmzh/7+gfDBmHCQ==}
    engines: {node: '>=0.4.0'}
    hasBin: true
    dev: true

  /ansi-styles@3.2.1:
    resolution: {integrity: sha512-VT0ZI6kZRdTh8YyJw3SMbYm/u+NqfsAxEpWO0Pf9sq8/e94WxxOpPKx9FR1FlyCtOVDNOQ+8ntlqFxiRc+r5qA==}
    engines: {node: '>=4'}
    dependencies:
      color-convert: 1.9.3
    dev: true

  /buble@0.20.0:
    resolution: {integrity: sha512-/1gnaMQE8xvd5qsNBl+iTuyjJ9XxeaVxAMF86dQ4EyxFJOZtsgOS8Ra+7WHgZTam5IFDtt4BguN0sH0tVTKrOw==}
    hasBin: true
    dependencies:
      acorn: 6.4.2
      acorn-dynamic-import: 4.0.0(acorn@6.4.2)
      acorn-jsx: 5.3.2(acorn@6.4.2)
      chalk: 2.4.2
      magic-string: 0.25.9
      minimist: 1.2.8
      regexpu-core: 4.5.4
    dev: true

  /chalk@2.4.2:
    resolution: {integrity: sha512-Mti+f9lpJNcwF4tWV8/OrTTtF1gZi+f8FqlyAdouralcFWFQWF2+NgCHShjkCb+IFBLq9buZwE1xckQU4peSuQ==}
    engines: {node: '>=4'}
    dependencies:
      ansi-styles: 3.2.1
      escape-string-regexp: 1.0.5
      supports-color: 5.5.0
    dev: true

  /color-convert@1.9.3:
    resolution: {integrity: sha512-QfAUtd+vFdAtFQcC8CCyYt1fYWxSqAiK2cSD6zDB8N3cpsEBAvRxp9zOGg6G/SHHJYAT88/az/IuDGALsNVbGg==}
    dependencies:
      color-name: 1.1.3
    dev: true

  /color-name@1.1.3:
    resolution: {integrity: sha512-72fSenhMw2HZMTVHeCA9KCmpEIbzWiQsjN+BHcBbS9vr1mtt+vJjPdksIBNUmKAW8TFUDPJK5SUU3QhE9NEXDw==}
    dev: true

  /escape-string-regexp@1.0.5:
    resolution: {integrity: sha512-vbRorB5FUQWvla16U8R/qgaFIya2qGzwDrNmCZuYKrbdSUMG6I1ZCGQRefkRVhuOkIGVne7BQ35DSfo1qvJqFg==}
    engines: {node: '>=0.8.0'}
    dev: true

  /estree-walker@2.0.2:
    resolution: {integrity: sha512-Rfkk/Mp/DL7JVje3u18FxFujQlTNR2q6QfMSMB7AvCBx91NGj/ba3kCfza0f6dVDbw7YlRf/nDrn7pQrCCyQ/w==}

  /fsevents@2.3.3:
    resolution: {integrity: sha512-5xoDfX+fL7faATnagmWPpbFtwh/R77WmMMqqHGS65C3vvB0YHrgF+B1YmZ3441tMj5n63k0212XNoJwzlhffQw==}
    engines: {node: ^8.16.0 || ^10.6.0 || >=11.0.0}
    os: [darwin]
    requiresBuild: true
    optional: true

  /has-flag@3.0.0:
    resolution: {integrity: sha512-sKJf1+ceQBr4SMkvQnBDNDtf4TXpVhVGateu0t918bl30FnbE2m4vNLX+VWe/dpjlb+HugGYzW7uQXH98HPEYw==}
    engines: {node: '>=4'}
    dev: true

  /jsesc@0.5.0:
    resolution: {integrity: sha512-uZz5UnB7u4T9LvwmFqXii7pZSouaRPorGs5who1Ip7VO0wxanFvBL7GkM6dTHlgX+jhBApRetaWpnDabOeTcnA==}
    hasBin: true
    dev: true

  /json5@2.2.3:
    resolution: {integrity: sha512-XmOWe7eyHYH14cLdVPoyg+GOH3rYX++KpzrylJwSW98t3Nk+U8XOl8FWKOgwtzdb8lXGf6zYwDUzeHMWfxasyg==}
    engines: {node: '>=6'}
    hasBin: true
    dev: false

  /magic-string@0.25.9:
    resolution: {integrity: sha512-RmF0AsMzgt25qzqqLc1+MbHmhdx0ojF2Fvs4XnOqz2ZOBXzzkEwc/dJQZCYHAn7v1jbVOjAZfK8msRn4BxO4VQ==}
    dependencies:
      sourcemap-codec: 1.4.8
    dev: true

  /minimist@1.2.8:
    resolution: {integrity: sha512-2yyAR8qBkN3YuheJanUpWC5U3bb5osDywNB8RzDVlDwDHbocAJveqqj1u8+SVD7jkWT4yvsHCpWqqWqAxb0zCA==}
    dev: true

  /picomatch@2.3.1:
    resolution: {integrity: sha512-JU3teHTNjmE2VCGFzuY8EXzCDVwEqB2a8fsIvwaStHhAWJEeVd1o1QD80CU6+ZdEXXSLbSsuLwJjkCBWqRQUVA==}
    engines: {node: '>=8.6'}

  /regenerate-unicode-properties@8.2.0:
    resolution: {integrity: sha512-F9DjY1vKLo/tPePDycuH3dn9H1OTPIkVD9Kz4LODu+F2C75mgjAJ7x/gwy6ZcSNRAAkhNlJSOHRe8k3p+K9WhA==}
    engines: {node: '>=4'}
    dependencies:
      regenerate: 1.4.2
    dev: true

  /regenerate@1.4.2:
    resolution: {integrity: sha512-zrceR/XhGYU/d/opr2EKO7aRHUeiBI8qjtfHqADTwZd6Szfy16la6kqD0MIUs5z5hx6AaKa+PixpPrR289+I0A==}
    dev: true

  /regexpu-core@4.5.4:
    resolution: {integrity: sha512-BtizvGtFQKGPUcTy56o3nk1bGRp4SZOTYrDtGNlqCQufptV5IkkLN6Emw+yunAJjzf+C9FQFtvq7IoA3+oMYHQ==}
    engines: {node: '>=4'}
    dependencies:
      regenerate: 1.4.2
      regenerate-unicode-properties: 8.2.0
      regjsgen: 0.5.2
      regjsparser: 0.6.9
      unicode-match-property-ecmascript: 1.0.4
      unicode-match-property-value-ecmascript: 1.2.0
    dev: true

  /regjsgen@0.5.2:
    resolution: {integrity: sha512-OFFT3MfrH90xIW8OOSyUrk6QHD5E9JOTeGodiJeBS3J6IwlgzJMNE/1bZklWz5oTg+9dCMyEetclvCVXOPoN3A==}
    dev: true

  /regjsparser@0.6.9:
    resolution: {integrity: sha512-ZqbNRz1SNjLAiYuwY0zoXW8Ne675IX5q+YHioAGbCw4X96Mjl2+dcX9B2ciaeyYjViDAfvIjFpQjJgLttTEERQ==}
    hasBin: true
    dependencies:
      jsesc: 0.5.0
    dev: true

  /rollup@4.9.1:
    resolution: {integrity: sha512-pgPO9DWzLoW/vIhlSoDByCzcpX92bKEorbgXuZrqxByte3JFk2xSW2JEeAcyLc9Ru9pqcNNW+Ob7ntsk2oT/Xw==}
    engines: {node: '>=18.0.0', npm: '>=8.0.0'}
    hasBin: true
    optionalDependencies:
      '@rollup/rollup-android-arm-eabi': 4.9.1
      '@rollup/rollup-android-arm64': 4.9.1
      '@rollup/rollup-darwin-arm64': 4.9.1
      '@rollup/rollup-darwin-x64': 4.9.1
      '@rollup/rollup-linux-arm-gnueabihf': 4.9.1
      '@rollup/rollup-linux-arm64-gnu': 4.9.1
      '@rollup/rollup-linux-arm64-musl': 4.9.1
      '@rollup/rollup-linux-riscv64-gnu': 4.9.1
      '@rollup/rollup-linux-x64-gnu': 4.9.1
      '@rollup/rollup-linux-x64-musl': 4.9.1
      '@rollup/rollup-win32-arm64-msvc': 4.9.1
      '@rollup/rollup-win32-ia32-msvc': 4.9.1
      '@rollup/rollup-win32-x64-msvc': 4.9.1
      fsevents: 2.3.3

  /sourcemap-codec@1.4.8:
    resolution: {integrity: sha512-9NykojV5Uih4lgo5So5dtw+f0JgJX30KCNI8gwhz2J9A15wD0Ml6tjHKwf6fTSa6fAdVBdZeNOs9eJ71qCk8vA==}
    deprecated: Please use @jridgewell/sourcemap-codec instead
    dev: true

  /supports-color@5.5.0:
    resolution: {integrity: sha512-QjVjwdXIt408MIiAqCX4oUKsgU2EqAGzs2Ppkm4aQYbjm+ZEWEcW4SfFNTr4uMNZma0ey4f5lgLrkB0aX0QMow==}
    engines: {node: '>=4'}
    dependencies:
      has-flag: 3.0.0
    dev: true

  /unicode-canonical-property-names-ecmascript@1.0.4:
    resolution: {integrity: sha512-jDrNnXWHd4oHiTZnx/ZG7gtUTVp+gCcTTKr8L0HjlwphROEW3+Him+IpvC+xcJEFegapiMZyZe02CyuOnRmbnQ==}
    engines: {node: '>=4'}
    dev: true

  /unicode-match-property-ecmascript@1.0.4:
    resolution: {integrity: sha512-L4Qoh15vTfntsn4P1zqnHulG0LdXgjSO035fEpdtp6YxXhMT51Q6vgM5lYdG/5X3MjS+k/Y9Xw4SFCY9IkR0rg==}
    engines: {node: '>=4'}
    dependencies:
      unicode-canonical-property-names-ecmascript: 1.0.4
      unicode-property-aliases-ecmascript: 1.1.0
    dev: true

  /unicode-match-property-value-ecmascript@1.2.0:
    resolution: {integrity: sha512-wjuQHGQVofmSJv1uVISKLE5zO2rNGzM/KCYZch/QQvez7C1hUhBIuZ701fYXExuufJFMPhv2SyL8CyoIfMLbIQ==}
    engines: {node: '>=4'}
    dev: true

  /unicode-property-aliases-ecmascript@1.1.0:
    resolution: {integrity: sha512-PqSoPh/pWetQ2phoj5RLiaqIk4kCNwoV3CI+LfGmWLKI3rE3kl1h59XpX2BjgDrmbxD9ARtQobPGU1SguCYuQg==}
    engines: {node: '>=4'}
    dev: true
