lockfileVersion: 5.4

specifiers:
  '@rollup/plugin-buble': ^0.21.3
  '@rollup/pluginutils': ^4.2.1
  json5: ^2.2.1
  rollup: ^2.79.1

dependencies:
  '@rollup/pluginutils': 4.2.1
  json5: 2.2.1

devDependencies:
  '@rollup/plugin-buble': 0.21.3_rollup@2.79.1
  rollup: 2.79.1

packages:

  /@rollup/plugin-buble/0.21.3_rollup@2.79.1:
    resolution: {integrity: sha512-Iv8cCuFPnMdqV4pcyU+OrfjOfagPArRQ1PyQjx5KgHk3dARedI+8PNTLSMpJts0lQJr8yF2pAU4GxpxCBJ9HYw==}
    engines: {node: '>= 8.0.0'}
    peerDependencies:
      rollup: ^1.20.0||^2.0.0
    dependencies:
      '@rollup/pluginutils': 3.1.0_rollup@2.79.1
      '@types/buble': 0.19.2
      buble: 0.20.0
      rollup: 2.79.1
    dev: true

  /@rollup/pluginutils/3.1.0_rollup@2.79.1:
    resolution: {integrity: sha512-GksZ6pr6TpIjHm8h9lSQ8pi8BE9VeubNT0OMJ3B5uZJ8pz73NPiqOtCog/x2/QzM1ENChPKxMDhiQuRHsqc+lg==}
    engines: {node: '>= 8.0.0'}
    peerDependencies:
      rollup: ^1.20.0||^2.0.0
    dependencies:
      '@types/estree': 0.0.39
      estree-walker: 1.0.1
      picomatch: 2.3.1
      rollup: 2.79.1
    dev: true

  /@rollup/pluginutils/4.2.1:
    resolution: {integrity: sha512-iKnFXr7NkdZAIHiIWE+BX5ULi/ucVFYWD6TbAV+rZctiRTY2PL6tsIKhoIOaoskiWAkgu+VsbXgUVDNLHf+InQ==}
    engines: {node: '>= 8.0.0'}
    dependencies:
      estree-walker: 2.0.2
      picomatch: 2.3.1
    dev: false

  /@types/buble/0.19.2:
    resolution: {integrity: sha512-uUD8zIfXMKThmFkahTXDGI3CthFH1kMg2dOm3KLi4GlC5cbARA64bEcUMbbWdWdE73eoc/iBB9PiTMqH0dNS2Q==}
    dependencies:
      magic-string: 0.25.9
    dev: true

  /@types/estree/0.0.39:
    resolution: {integrity: sha512-EYNwp3bU+98cpU4lAWYYL7Zz+2gryWH1qbdDTidVd6hkiR6weksdbMadyXKXNPEkQFhXM+hVO9ZygomHXp+AIw==}
    dev: true

  /acorn-dynamic-import/4.0.0_acorn@6.4.2:
    resolution: {integrity: sha512-d3OEjQV4ROpoflsnUA8HozoIR504TFxNivYEUi6uwz0IYhBkTDXGuWlNdMtybRt3nqVx/L6XqMt0FxkXuWKZhw==}
    deprecated: This is probably built in to whatever tool you're using. If you still need it... idk
    peerDependencies:
      acorn: ^6.0.0
    dependencies:
      acorn: 6.4.2
    dev: true

  /acorn-jsx/5.3.2_acorn@6.4.2:
    resolution: {integrity: sha512-rq9s+JNhf0IChjtDXxllJ7g41oZk5SlXtp0LHwyA5cejwn7vKmKp4pPri6YEePv2PU65sAsegbXtIinmDFDXgQ==}
    peerDependencies:
      acorn: ^6.0.0 || ^7.0.0 || ^8.0.0
    dependencies:
      acorn: 6.4.2
    dev: true

  /acorn/6.4.2:
    resolution: {integrity: sha512-XtGIhXwF8YM8bJhGxG5kXgjkEuNGLTkoYqVE+KMR+aspr4KGYmKYg7yUe3KghyQ9yheNwLnjmzh/7+gfDBmHCQ==}
    engines: {node: '>=0.4.0'}
    hasBin: true
    dev: true

  /ansi-styles/3.2.1:
    resolution: {integrity: sha512-VT0ZI6kZRdTh8YyJw3SMbYm/u+NqfsAxEpWO0Pf9sq8/e94WxxOpPKx9FR1FlyCtOVDNOQ+8ntlqFxiRc+r5qA==}
    engines: {node: '>=4'}
    dependencies:
      color-convert: 1.9.3
    dev: true

  /buble/0.20.0:
    resolution: {integrity: sha512-/1gnaMQE8xvd5qsNBl+iTuyjJ9XxeaVxAMF86dQ4EyxFJOZtsgOS8Ra+7WHgZTam5IFDtt4BguN0sH0tVTKrOw==}
    hasBin: true
    dependencies:
      acorn: 6.4.2
      acorn-dynamic-import: 4.0.0_acorn@6.4.2
      acorn-jsx: 5.3.2_acorn@6.4.2
      chalk: 2.4.2
      magic-string: 0.25.9
      minimist: 1.2.6
      regexpu-core: 4.5.4
    dev: true

  /chalk/2.4.2:
    resolution: {integrity: sha512-Mti+f9lpJNcwF4tWV8/OrTTtF1gZi+f8FqlyAdouralcFWFQWF2+NgCHShjkCb+IFBLq9buZwE1xckQU4peSuQ==}
    engines: {node: '>=4'}
    dependencies:
      ansi-styles: 3.2.1
      escape-string-regexp: 1.0.5
      supports-color: 5.5.0
    dev: true

  /color-convert/1.9.3:
    resolution: {integrity: sha512-QfAUtd+vFdAtFQcC8CCyYt1fYWxSqAiK2cSD6zDB8N3cpsEBAvRxp9zOGg6G/SHHJYAT88/az/IuDGALsNVbGg==}
    dependencies:
      color-name: 1.1.3
    dev: true

  /color-name/1.1.3:
    resolution: {integrity: sha512-72fSenhMw2HZMTVHeCA9KCmpEIbzWiQsjN+BHcBbS9vr1mtt+vJjPdksIBNUmKAW8TFUDPJK5SUU3QhE9NEXDw==}
    dev: true

  /escape-string-regexp/1.0.5:
    resolution: {integrity: sha512-vbRorB5FUQWvla16U8R/qgaFIya2qGzwDrNmCZuYKrbdSUMG6I1ZCGQRefkRVhuOkIGVne7BQ35DSfo1qvJqFg==}
    engines: {node: '>=0.8.0'}
    dev: true

  /estree-walker/1.0.1:
    resolution: {integrity: sha512-1fMXF3YP4pZZVozF8j/ZLfvnR8NSIljt56UhbZ5PeeDmmGHpgpdwQt7ITlGvYaQukCvuBRMLEiKiYC+oeIg4cg==}
    dev: true

  /estree-walker/2.0.2:
    resolution: {integrity: sha512-Rfkk/Mp/DL7JVje3u18FxFujQlTNR2q6QfMSMB7AvCBx91NGj/ba3kCfza0f6dVDbw7YlRf/nDrn7pQrCCyQ/w==}
    dev: false

  /fsevents/2.3.2:
    resolution: {integrity: sha512-xiqMQR4xAeHTuB9uWm+fFRcIOgKBMiOBP+eXiyT7jsgVCq1bkVygt00oASowB7EdtpOHaaPgKt812P9ab+DDKA==}
    engines: {node: ^8.16.0 || ^10.6.0 || >=11.0.0}
    os: [darwin]
    requiresBuild: true
    dev: true
    optional: true

  /has-flag/3.0.0:
    resolution: {integrity: sha512-sKJf1+ceQBr4SMkvQnBDNDtf4TXpVhVGateu0t918bl30FnbE2m4vNLX+VWe/dpjlb+HugGYzW7uQXH98HPEYw==}
    engines: {node: '>=4'}
    dev: true

  /jsesc/0.5.0:
    resolution: {integrity: sha512-uZz5UnB7u4T9LvwmFqXii7pZSouaRPorGs5who1Ip7VO0wxanFvBL7GkM6dTHlgX+jhBApRetaWpnDabOeTcnA==}
    hasBin: true
    dev: true

  /json5/2.2.1:
    resolution: {integrity: sha512-1hqLFMSrGHRHxav9q9gNjJ5EXznIxGVO09xQRrwplcS8qs28pZ8s8hupZAmqDwZUmVZ2Qb2jnyPOWcDH8m8dlA==}
    engines: {node: '>=6'}
    hasBin: true
    dev: false

  /magic-string/0.25.9:
    resolution: {integrity: sha512-RmF0AsMzgt25qzqqLc1+MbHmhdx0ojF2Fvs4XnOqz2ZOBXzzkEwc/dJQZCYHAn7v1jbVOjAZfK8msRn4BxO4VQ==}
    dependencies:
      sourcemap-codec: 1.4.8
    dev: true

  /minimist/1.2.6:
    resolution: {integrity: sha512-Jsjnk4bw3YJqYzbdyBiNsPWHPfO++UGG749Cxs6peCu5Xg4nrena6OVxOYxrQTqww0Jmwt+Ref8rggumkTLz9Q==}
    dev: true

  /picomatch/2.3.1:
    resolution: {integrity: sha512-JU3teHTNjmE2VCGFzuY8EXzCDVwEqB2a8fsIvwaStHhAWJEeVd1o1QD80CU6+ZdEXXSLbSsuLwJjkCBWqRQUVA==}
    engines: {node: '>=8.6'}

  /regenerate-unicode-properties/8.2.0:
    resolution: {integrity: sha512-F9DjY1vKLo/tPePDycuH3dn9H1OTPIkVD9Kz4LODu+F2C75mgjAJ7x/gwy6ZcSNRAAkhNlJSOHRe8k3p+K9WhA==}
    engines: {node: '>=4'}
    dependencies:
      regenerate: 1.4.2
    dev: true

  /regenerate/1.4.2:
    resolution: {integrity: sha512-zrceR/XhGYU/d/opr2EKO7aRHUeiBI8qjtfHqADTwZd6Szfy16la6kqD0MIUs5z5hx6AaKa+PixpPrR289+I0A==}
    dev: true

  /regexpu-core/4.5.4:
    resolution: {integrity: sha512-BtizvGtFQKGPUcTy56o3nk1bGRp4SZOTYrDtGNlqCQufptV5IkkLN6Emw+yunAJjzf+C9FQFtvq7IoA3+oMYHQ==}
    engines: {node: '>=4'}
    dependencies:
      regenerate: 1.4.2
      regenerate-unicode-properties: 8.2.0
      regjsgen: 0.5.2
      regjsparser: 0.6.9
      unicode-match-property-ecmascript: 1.0.4
      unicode-match-property-value-ecmascript: 1.2.0
    dev: true

  /regjsgen/0.5.2:
    resolution: {integrity: sha512-OFFT3MfrH90xIW8OOSyUrk6QHD5E9JOTeGodiJeBS3J6IwlgzJMNE/1bZklWz5oTg+9dCMyEetclvCVXOPoN3A==}
    dev: true

  /regjsparser/0.6.9:
    resolution: {integrity: sha512-ZqbNRz1SNjLAiYuwY0zoXW8Ne675IX5q+YHioAGbCw4X96Mjl2+dcX9B2ciaeyYjViDAfvIjFpQjJgLttTEERQ==}
    hasBin: true
    dependencies:
      jsesc: 0.5.0
    dev: true

  /rollup/2.79.1:
    resolution: {integrity: sha512-uKxbd0IhMZOhjAiD5oAFp7BqvkA4Dv47qpOCtaNvng4HBwdbWtdOh8f5nZNuk2rp51PMGk3bzfWu5oayNEuYnw==}
    engines: {node: '>=10.0.0'}
    hasBin: true
    optionalDependencies:
      fsevents: 2.3.2
    dev: true

  /sourcemap-codec/1.4.8:
    resolution: {integrity: sha512-9NykojV5Uih4lgo5So5dtw+f0JgJX30KCNI8gwhz2J9A15wD0Ml6tjHKwf6fTSa6fAdVBdZeNOs9eJ71qCk8vA==}
    dev: true

  /supports-color/5.5.0:
    resolution: {integrity: sha512-QjVjwdXIt408MIiAqCX4oUKsgU2EqAGzs2Ppkm4aQYbjm+ZEWEcW4SfFNTr4uMNZma0ey4f5lgLrkB0aX0QMow==}
    engines: {node: '>=4'}
    dependencies:
      has-flag: 3.0.0
    dev: true

  /unicode-canonical-property-names-ecmascript/1.0.4:
    resolution: {integrity: sha512-jDrNnXWHd4oHiTZnx/ZG7gtUTVp+gCcTTKr8L0HjlwphROEW3+Him+IpvC+xcJEFegapiMZyZe02CyuOnRmbnQ==}
    engines: {node: '>=4'}
    dev: true

  /unicode-match-property-ecmascript/1.0.4:
    resolution: {integrity: sha512-L4Qoh15vTfntsn4P1zqnHulG0LdXgjSO035fEpdtp6YxXhMT51Q6vgM5lYdG/5X3MjS+k/Y9Xw4SFCY9IkR0rg==}
    engines: {node: '>=4'}
    dependencies:
      unicode-canonical-property-names-ecmascript: 1.0.4
      unicode-property-aliases-ecmascript: 1.1.0
    dev: true

  /unicode-match-property-value-ecmascript/1.2.0:
    resolution: {integrity: sha512-wjuQHGQVofmSJv1uVISKLE5zO2rNGzM/KCYZch/QQvez7C1hUhBIuZ701fYXExuufJFMPhv2SyL8CyoIfMLbIQ==}
    engines: {node: '>=4'}
    dev: true

  /unicode-property-aliases-ecmascript/1.1.0:
    resolution: {integrity: sha512-PqSoPh/pWetQ2phoj5RLiaqIk4kCNwoV3CI+LfGmWLKI3rE3kl1h59XpX2BjgDrmbxD9ARtQobPGU1SguCYuQg==}
    engines: {node: '>=4'}
    dev: true
